
Microsoft Visual Studio Solution File, Format Version 12.00
# Visual Studio 16
Project("{FAE04EC0-301F-11D3-BF4B-00C04F79EFBC}") = "Assembly-CSharp", "Assembly-CSharp.csproj", "{2723F00E-D669-6D54-74E3-59E92CCD286E}"
EndProject
Project("{FAE04EC0-301F-11D3-BF4B-00C04F79EFBC}") = "Oculus.VR", "Oculus.VR.csproj", "{22D23DEA-5579-F46D-3458-538248D133CF}"
EndProject
Project("{FAE04EC0-301F-11D3-BF4B-00C04F79EFBC}") = "Assembly-CSharp-Editor", "Assembly-CSharp-Editor.csproj", "{CFA17C4F-8B99-2FD5-4A96-1126BB9C51FE}"
EndProject
Project("{FAE04EC0-301F-11D3-BF4B-00C04F79EFBC}") = "Oculus.VR.Scripts.Editor", "Oculus.VR.Scripts.Editor.csproj", "{67C1FAE6-85F2-A969-5138-E4FDDAB1148B}"
EndProject
Project("{FAE04EC0-301F-11D3-BF4B-00C04F79EFBC}") = "Oculus.VR.Editor", "Oculus.VR.Editor.csproj", "{28B92AF7-A0DC-B389-07C8-BB866C891E88}"
EndProject
Global
	GlobalSection(SolutionConfigurationPlatforms) = preSolution
		Debug|Any CPU = Debug|Any CPU
		Release|Any CPU = Release|Any CPU
	EndGlobalSection
	GlobalSection(ProjectConfigurationPlatforms) = postSolution
		{2723F00E-D669-6D54-74E3-59E92CCD286E}.Debug|Any CPU.ActiveCfg = Debug|Any CPU
		{2723F00E-D669-6D54-74E3-59E92CCD286E}.Debug|Any CPU.Build.0 = Debug|Any CPU
		{2723F00E-D669-6D54-74E3-59E92CCD286E}.Release|Any CPU.ActiveCfg = Release|Any CPU
		{2723F00E-D669-6D54-74E3-59E92CCD286E}.Release|Any CPU.Build.0 = Release|Any CPU
		{22D23DEA-5579-F46D-3458-538248D133CF}.Debug|Any CPU.ActiveCfg = Debug|Any CPU
		{22D23DEA-5579-F46D-3458-538248D133CF}.Debug|Any CPU.Build.0 = Debug|Any CPU
		{22D23DEA-5579-F46D-3458-538248D133CF}.Release|Any CPU.ActiveCfg = Release|Any CPU
		{22D23DEA-5579-F46D-3458-538248D133CF}.Release|Any CPU.Build.0 = Release|Any CPU
		{CFA17C4F-8B99-2FD5-4A96-1126BB9C51FE}.Debug|Any CPU.ActiveCfg = Debug|Any CPU
		{CFA17C4F-8B99-2FD5-4A96-1126BB9C51FE}.Debug|Any CPU.Build.0 = Debug|Any CPU
		{CFA17C4F-8B99-2FD5-4A96-1126BB9C51FE}.Release|Any CPU.ActiveCfg = Release|Any CPU
		{CFA17C4F-8B99-2FD5-4A96-1126BB9C51FE}.Release|Any CPU.Build.0 = Release|Any CPU
		{67C1FAE6-85F2-A969-5138-E4FDDAB1148B}.Debug|Any CPU.ActiveCfg = Debug|Any CPU
		{67C1FAE6-85F2-A969-5138-E4FDDAB1148B}.Debug|Any CPU.Build.0 = Debug|Any CPU
		{67C1FAE6-85F2-A969-5138-E4FDDAB1148B}.Release|Any CPU.ActiveCfg = Release|Any CPU
		{67C1FAE6-85F2-A969-5138-E4FDDAB1148B}.Release|Any CPU.Build.0 = Release|Any CPU
		{28B92AF7-A0DC-B389-07C8-BB866C891E88}.Debug|Any CPU.ActiveCfg = Debug|Any CPU
		{28B92AF7-A0DC-B389-07C8-BB866C891E88}.Debug|Any CPU.Build.0 = Debug|Any CPU
		{28B92AF7-A0DC-B389-07C8-BB866C891E88}.Release|Any CPU.ActiveCfg = Release|Any CPU
		{28B92AF7-A0DC-B389-07C8-BB866C891E88}.Release|Any CPU.Build.0 = Release|Any CPU
	EndGlobalSection
	GlobalSection(SolutionProperties) = preSolution
		HideSolutionNode = FALSE
	EndGlobalSection
EndGlobal
